// !$*UTF8*$!
{
	archiveVersion = 1;
	classes = {
	};
	objectVersion = 46;
	objects = {

/* Begin PBXBuildFile section */
		CE85AD6E1C27A0810079FDD8 /* AppDelegate.swift in Sources */ = {isa = PBXBuildFile; fileRef = CE85AD6D1C27A0810079FDD8 /* AppDelegate.swift */; };
		CE85AD701C27A0810079FDD8 /* ViewController.swift in Sources */ = {isa = PBXBuildFile; fileRef = CE85AD6F1C27A0810079FDD8 /* ViewController.swift */; };
		CE85AD731C27A0810079FDD8 /* Main.storyboard in Resources */ = {isa = PBXBuildFile; fileRef = CE85AD711C27A0810079FDD8 /* Main.storyboard */; };
		CE85AD751C27A0810079FDD8 /* Assets.xcassets in Resources */ = {isa = PBXBuildFile; fileRef = CE85AD741C27A0810079FDD8 /* Assets.xcassets */; };
		CE85AD781C27A0810079FDD8 /* LaunchScreen.storyboard in Resources */ = {isa = PBXBuildFile; fileRef = CE85AD761C27A0810079FDD8 /* LaunchScreen.storyboard */; };
		CE85AD831C27A0810079FDD8 /* LoadingViewTests.swift in Sources */ = {isa = PBXBuildFile; fileRef = CE85AD821C27A0810079FDD8 /* LoadingViewTests.swift */; };
		CE85AD8E1C27A0810079FDD8 /* LoadingViewUITests.swift in Sources */ = {isa = PBXBuildFile; fileRef = CE85AD8D1C27A0810079FDD8 /* LoadingViewUITests.swift */; };
		CE85AD9C1C27A0DA0079FDD8 /* LoadingView.swift in Sources */ = {isa = PBXBuildFile; fileRef = CE85AD9B1C27A0DA0079FDD8 /* LoadingView.swift */; };
/* End PBXBuildFile section */

/* Begin PBXContainerItemProxy section */
		CE85AD7F1C27A0810079FDD8 /* PBXContainerItemProxy */ = {
			isa = PBXContainerItemProxy;
			containerPortal = CE85AD621C27A0810079FDD8 /* Project object */;
			proxyType = 1;
			remoteGlobalIDString = CE85AD691C27A0810079FDD8;
			remoteInfo = LoadingView;
		};
		CE85AD8A1C27A0810079FDD8 /* PBXContainerItemProxy */ = {
			isa = PBXContainerItemProxy;
			containerPortal = CE85AD621C27A0810079FDD8 /* Project object */;
			proxyType = 1;
			remoteGlobalIDString = CE85AD691C27A0810079FDD8;
			remoteInfo = LoadingView;
		};
/* End PBXContainerItemProxy section */

/* Begin PBXFileReference section */
		CE85AD6A1C27A0810079FDD8 /* LoadingView.app */ = {isa = PBXFileReference; explicitFileType = wrapper.application; includeInIndex = 0; path = LoadingView.app; sourceTree = BUILT_PRODUCTS_DIR; };
		CE85AD6D1C27A0810079FDD8 /* AppDelegate.swift */ = {isa = PBXFileReference; lastKnownFileType = sourcecode.swift; path = AppDelegate.swift; sourceTree = "<group>"; };
		CE85AD6F1C27A0810079FDD8 /* ViewController.swift */ = {isa = PBXFileReference; lastKnownFileType = sourcecode.swift; path = ViewController.swift; sourceTree = "<group>"; };
		CE85AD721C27A0810079FDD8 /* Base */ = {isa = PBXFileReference; lastKnownFileType = file.storyboard; name = Base; path = Base.lproj/Main.storyboard; sourceTree = "<group>"; };
		CE85AD741C27A0810079FDD8 /* Assets.xcassets */ = {isa = PBXFileReference; lastKnownFileType = folder.assetcatalog; path = Assets.xcassets; sourceTree = "<group>"; };
		CE85AD771C27A0810079FDD8 /* Base */ = {isa = PBXFileReference; lastKnownFileType = file.storyboard; name = Base; path = Base.lproj/LaunchScreen.storyboard; sourceTree = "<group>"; };
		CE85AD791C27A0810079FDD8 /* Info.plist */ = {isa = PBXFileReference; lastKnownFileType = text.plist.xml; path = Info.plist; sourceTree = "<group>"; };
		CE85AD7E1C27A0810079FDD8 /* LoadingViewTests.xctest */ = {isa = PBXFileReference; explicitFileType = wrapper.cfbundle; includeInIndex = 0; path = LoadingViewTests.xctest; sourceTree = BUILT_PRODUCTS_DIR; };
		CE85AD821C27A0810079FDD8 /* LoadingViewTests.swift */ = {isa = PBXFileReference; lastKnownFileType = sourcecode.swift; path = LoadingViewTests.swift; sourceTree = "<group>"; };
		CE85AD841C27A0810079FDD8 /* Info.plist */ = {isa = PBXFileReference; lastKnownFileType = text.plist.xml; path = Info.plist; sourceTree = "<group>"; };
		CE85AD891C27A0810079FDD8 /* LoadingViewUITests.xctest */ = {isa = PBXFileReference; explicitFileType = wrapper.cfbundle; includeInIndex = 0; path = LoadingViewUITests.xctest; sourceTree = BUILT_PRODUCTS_DIR; };
		CE85AD8D1C27A0810079FDD8 /* LoadingViewUITests.swift */ = {isa = PBXFileReference; lastKnownFileType = sourcecode.swift; path = LoadingViewUITests.swift; sourceTree = "<group>"; };
		CE85AD8F1C27A0810079FDD8 /* Info.plist */ = {isa = PBXFileReference; lastKnownFileType = text.plist.xml; path = Info.plist; sourceTree = "<group>"; };
		CE85AD9B1C27A0DA0079FDD8 /* LoadingView.swift */ = {isa = PBXFileReference; fileEncoding = 4; lastKnownFileType = sourcecode.swift; path = LoadingView.swift; sourceTree = "<group>"; };
/* End PBXFileReference section */

/* Begin PBXFrameworksBuildPhase section */
		CE85AD671C27A0810079FDD8 /* Frameworks */ = {
			isa = PBXFrameworksBuildPhase;
			buildActionMask = 2147483647;
			files = (
			);
			runOnlyForDeploymentPostprocessing = 0;
		};
		CE85AD7B1C27A0810079FDD8 /* Frameworks */ = {
			isa = PBXFrameworksBuildPhase;
			buildActionMask = 2147483647;
			files = (
			);
			runOnlyForDeploymentPostprocessing = 0;
		};
		CE85AD861C27A0810079FDD8 /* Frameworks */ = {
			isa = PBXFrameworksBuildPhase;
			buildActionMask = 2147483647;
			files = (
			);
			runOnlyForDeploymentPostprocessing = 0;
		};
/* End PBXFrameworksBuildPhase section */

/* Begin PBXGroup section */
		CE85AD611C27A0810079FDD8 = {
			isa = PBXGroup;
			children = (
				CE85AD6C1C27A0810079FDD8 /* LoadingView */,
				CE85AD811C27A0810079FDD8 /* LoadingViewTests */,
				CE85AD8C1C27A0810079FDD8 /* LoadingViewUITests */,
				CE85AD6B1C27A0810079FDD8 /* Products */,
			);
			sourceTree = "<group>";
		};
		CE85AD6B1C27A0810079FDD8 /* Products */ = {
			isa = PBXGroup;
			children = (
				CE85AD6A1C27A0810079FDD8 /* LoadingView.app */,
				CE85AD7E1C27A0810079FDD8 /* LoadingViewTests.xctest */,
				CE85AD891C27A0810079FDD8 /* LoadingViewUITests.xctest */,
			);
			name = Products;
			sourceTree = "<group>";
		};
		CE85AD6C1C27A0810079FDD8 /* LoadingView */ = {
			isa = PBXGroup;
			children = (
				CE85AD6D1C27A0810079FDD8 /* AppDelegate.swift */,
				CE85AD6F1C27A0810079FDD8 /* ViewController.swift */,
				CE85AD9B1C27A0DA0079FDD8 /* LoadingView.swift */,
				CE85AD711C27A0810079FDD8 /* Main.storyboard */,
				CE85AD741C27A0810079FDD8 /* Assets.xcassets */,
				CE85AD761C27A0810079FDD8 /* LaunchScreen.storyboard */,
				CE85AD791C27A0810079FDD8 /* Info.plist */,
			);
			path = LoadingView;
			sourceTree = "<group>";
		};
		CE85AD811C27A0810079FDD8 /* LoadingViewTests */ = {
			isa = PBXGroup;
			children = (
				CE85AD821C27A0810079FDD8 /* LoadingViewTests.swift */,
				CE85AD841C27A0810079FDD8 /* Info.plist */,
			);
			path = LoadingViewTests;
			sourceTree = "<group>";
		};
		CE85AD8C1C27A0810079FDD8 /* LoadingViewUITests */ = {
			isa = PBXGroup;
			children = (
				CE85AD8D1C27A0810079FDD8 /* LoadingViewUITests.swift */,
				CE85AD8F1C27A0810079FDD8 /* Info.plist */,
			);
			path = LoadingViewUITests;
			sourceTree = "<group>";
		};
/* End PBXGroup section */

/* Begin PBXNativeTarget section */
		CE85AD691C27A0810079FDD8 /* LoadingView */ = {
			isa = PBXNativeTarget;
			buildConfigurationList = CE85AD921C27A0810079FDD8 /* Build configuration list for PBXNativeTarget "LoadingView" */;
			buildPhases = (
				CE85AD661C27A0810079FDD8 /* Sources */,
				CE85AD671C27A0810079FDD8 /* Frameworks */,
				CE85AD681C27A0810079FDD8 /* Resources */,
			);
			buildRules = (
			);
			dependencies = (
			);
			name = LoadingView;
			productName = LoadingView;
			productReference = CE85AD6A1C27A0810079FDD8 /* LoadingView.app */;
			productType = "com.apple.product-type.application";
		};
		CE85AD7D1C27A0810079FDD8 /* LoadingViewTests */ = {
			isa = PBXNativeTarget;
			buildConfigurationList = CE85AD951C27A0810079FDD8 /* Build configuration list for PBXNativeTarget "LoadingViewTests" */;
			buildPhases = (
				CE85AD7A1C27A0810079FDD8 /* Sources */,
				CE85AD7B1C27A0810079FDD8 /* Frameworks */,
				CE85AD7C1C27A0810079FDD8 /* Resources */,
			);
			buildRules = (
			);
			dependencies = (
				CE85AD801C27A0810079FDD8 /* PBXTargetDependency */,
			);
			name = LoadingViewTests;
			productName = LoadingViewTests;
			productReference = CE85AD7E1C27A0810079FDD8 /* LoadingViewTests.xctest */;
			productType = "com.apple.product-type.bundle.unit-test";
		};
		CE85AD881C27A0810079FDD8 /* LoadingViewUITests */ = {
			isa = PBXNativeTarget;
			buildConfigurationList = CE85AD981C27A0810079FDD8 /* Build configuration list for PBXNativeTarget "LoadingViewUITests" */;
			buildPhases = (
				CE85AD851C27A0810079FDD8 /* Sources */,
				CE85AD861C27A0810079FDD8 /* Frameworks */,
				CE85AD871C27A0810079FDD8 /* Resources */,
			);
			buildRules = (
			);
			dependencies = (
				CE85AD8B1C27A0810079FDD8 /* PBXTargetDependency */,
			);
			name = LoadingViewUITests;
			productName = LoadingViewUITests;
			productReference = CE85AD891C27A0810079FDD8 /* LoadingViewUITests.xctest */;
			productType = "com.apple.product-type.bundle.ui-testing";
		};
/* End PBXNativeTarget section */

/* Begin PBXProject section */
		CE85AD621C27A0810079FDD8 /* Project object */ = {
			isa = PBXProject;
			attributes = {
				LastSwiftUpdateCheck = 0720;
				LastUpgradeCheck = 0720;
				ORGANIZATIONNAME = com.shoji;
				TargetAttributes = {
					CE85AD691C27A0810079FDD8 = {
						CreatedOnToolsVersion = 7.2;
					};
					CE85AD7D1C27A0810079FDD8 = {
						CreatedOnToolsVersion = 7.2;
						TestTargetID = CE85AD691C27A0810079FDD8;
					};
					CE85AD881C27A0810079FDD8 = {
						CreatedOnToolsVersion = 7.2;
						TestTargetID = CE85AD691C27A0810079FDD8;
					};
				};
			};
			buildConfigurationList = CE85AD651C27A0810079FDD8 /* Build configuration list for PBXProject "LoadingView" */;
			compatibilityVersion = "Xcode 3.2";
			developmentRegion = English;
			hasScannedForEncodings = 0;
			knownRegions = (
				en,
				Base,
			);
			mainGroup = CE85AD611C27A0810079FDD8;
			productRefGroup = CE85AD6B1C27A0810079FDD8 /* Products */;
			projectDirPath = "";
			projectRoot = "";
			targets = (
				CE85AD691C27A0810079FDD8 /* LoadingView */,
				CE85AD7D1C27A0810079FDD8 /* LoadingViewTests */,
				CE85AD881C27A0810079FDD8 /* LoadingViewUITests */,
			);
		};
/* End PBXProject section */

/* Begin PBXResourcesBuildPhase section */
		CE85AD681C27A0810079FDD8 /* Resources */ = {
			isa = PBXResourcesBuildPhase;
			buildActionMask = 2147483647;
			files = (
				CE85AD781C27A0810079FDD8 /* LaunchScreen.storyboard in Resources */,
				CE85AD751C27A0810079FDD8 /* Assets.xcassets in Resources */,
				CE85AD731C27A0810079FDD8 /* Main.storyboard in Resources */,
			);
			runOnlyForDeploymentPostprocessing = 0;
		};
		CE85AD7C1C27A0810079FDD8 /* Resources */ = {
			isa = PBXResourcesBuildPhase;
			buildActionMask = 2147483647;
			files = (
			);
			runOnlyForDeploymentPostprocessing = 0;
		};
		CE85AD871C27A0810079FDD8 /* Resources */ = {
			isa = PBXResourcesBuildPhase;
			buildActionMask = 2147483647;
			files = (
			);
			runOnlyForDeploymentPostprocessing = 0;
		};
/* End PBXResourcesBuildPhase section */

/* Begin PBXSourcesBuildPhase section */
		CE85AD661C27A0810079FDD8 /* Sources */ = {
			isa = PBXSourcesBuildPhase;
			buildActionMask = 2147483647;
			files = (
				CE85AD701C27A0810079FDD8 /* ViewController.swift in Sources */,
				CE85AD6E1C27A0810079FDD8 /* AppDelegate.swift in Sources */,
				CE85AD9C1C27A0DA0079FDD8 /* LoadingView.swift in Sources */,
			);
			runOnlyForDeploymentPostprocessing = 0;
		};
		CE85AD7A1C27A0810079FDD8 /* Sources */ = {
			isa = PBXSourcesBuildPhase;
			buildActionMask = 2147483647;
			files = (
				CE85AD831C27A0810079FDD8 /* LoadingViewTests.swift in Sources */,
			);
			runOnlyForDeploymentPostprocessing = 0;
		};
		CE85AD851C27A0810079FDD8 /* Sources */ = {
			isa = PBXSourcesBuildPhase;
			buildActionMask = 2147483647;
			files = (
				CE85AD8E1C27A0810079FDD8 /* LoadingViewUITests.swift in Sources */,
			);
			runOnlyForDeploymentPostprocessing = 0;
		};
/* End PBXSourcesBuildPhase section */

/* Begin PBXTargetDependency section */
		CE85AD801C27A0810079FDD8 /* PBXTargetDependency */ = {
			isa = PBXTargetDependency;
			target = CE85AD691C27A0810079FDD8 /* LoadingView */;
			targetProxy = CE85AD7F1C27A0810079FDD8 /* PBXContainerItemProxy */;
		};
		CE85AD8B1C27A0810079FDD8 /* PBXTargetDependency */ = {
			isa = PBXTargetDependency;
			target = CE85AD691C27A0810079FDD8 /* LoadingView */;
			targetProxy = CE85AD8A1C27A0810079FDD8 /* PBXContainerItemProxy */;
		};
/* End PBXTargetDependency section */

/* Begin PBXVariantGroup section */
		CE85AD711C27A0810079FDD8 /* Main.storyboard */ = {
			isa = PBXVariantGroup;
			children = (
				CE85AD721C27A0810079FDD8 /* Base */,
			);
			name = Main.storyboard;
			sourceTree = "<group>";
		};
		CE85AD761C27A0810079FDD8 /* LaunchScreen.storyboard */ = {
			isa = PBXVariantGroup;
			children = (
				CE85AD771C27A0810079FDD8 /* Base */,
			);
			name = LaunchScreen.storyboard;
			sourceTree = "<group>";
		};
/* End PBXVariantGroup section */

/* Begin XCBuildConfiguration section */
		CE85AD901C27A0810079FDD8 /* Debug */ = {
			isa = XCBuildConfiguration;
			buildSettings = {
				ALWAYS_SEARCH_USER_PATHS = NO;
				CLANG_CXX_LANGUAGE_STANDARD = "gnu++0x";
				CLANG_CXX_LIBRARY = "libc++";
				CLANG_ENABLE_MODULES = YES;
				CLANG_ENABLE_OBJC_ARC = YES;
				CLANG_WARN_BOOL_CONVERSION = YES;
				CLANG_WARN_CONSTANT_CONVERSION = YES;
				CLANG_WARN_DIRECT_OBJC_ISA_USAGE = YES_ERROR;
				CLANG_WARN_EMPTY_BODY = YES;
				CLANG_WARN_ENUM_CONVERSION = YES;
				CLANG_WARN_INT_CONVERSION = YES;
				CLANG_WARN_OBJC_ROOT_CLASS = YES_ERROR;
				CLANG_WARN_UNREACHABLE_CODE = YES;
				CLANG_WARN__DUPLICATE_METHOD_MATCH = YES;
				"CODE_SIGN_IDENTITY[sdk=iphoneos*]" = "iPhone Developer";
				COPY_PHASE_STRIP = NO;
				DEBUG_INFORMATION_FORMAT = dwarf;
				ENABLE_STRICT_OBJC_MSGSEND = YES;
				ENABLE_TESTABILITY = YES;
				GCC_C_LANGUAGE_STANDARD = gnu99;
				GCC_DYNAMIC_NO_PIC = NO;
				GCC_NO_COMMON_BLOCKS = YES;
				GCC_OPTIMIZATION_LEVEL = 0;
				GCC_PREPROCESSOR_DEFINITIONS = (
					"DEBUG=1",
					"$(inherited)",
				);
				GCC_WARN_64_TO_32_BIT_CONVERSION = YES;
				GCC_WARN_ABOUT_RETURN_TYPE = YES_ERROR;
				GCC_WARN_UNDECLARED_SELECTOR = YES;
				GCC_WARN_UNINITIALIZED_AUTOS = YES_AGGRESSIVE;
				GCC_WARN_UNUSED_FUNCTION = YES;
				GCC_WARN_UNUSED_VARIABLE = YES;
				IPHONEOS_DEPLOYMENT_TARGET = 9.2;
				MTL_ENABLE_DEBUG_INFO = YES;
				ONLY_ACTIVE_ARCH = YES;
				SDKROOT = iphoneos;
				SWIFT_OPTIMIZATION_LEVEL = "-Onone";
				TARGETED_DEVICE_FAMILY = "1,2";
			};
			name = Debug;
		};
		CE85AD911C27A0810079FDD8 /* Release */ = {
			isa = XCBuildConfiguration;
			buildSettings = {
				ALWAYS_SEARCH_USER_PATHS = NO;
				CLANG_CXX_LANGUAGE_STANDARD = "gnu++0x";
				CLANG_CXX_LIBRARY = "libc++";
				CLANG_ENABLE_MODULES = YES;
				CLANG_ENABLE_OBJC_ARC = YES;
				CLANG_WARN_BOOL_CONVERSION = YES;
				CLANG_WARN_CONSTANT_CONVERSION = YES;
				CLANG_WARN_DIRECT_OBJC_ISA_USAGE = YES_ERROR;
				CLANG_WARN_EMPTY_BODY = YES;
				CLANG_WARN_ENUM_CONVERSION = YES;
				CLANG_WARN_INT_CONVERSION = YES;
				CLANG_WARN_OBJC_ROOT_CLASS = YES_ERROR;
				CLANG_WARN_UNREACHABLE_CODE = YES;
				CLANG_WARN__DUPLICATE_METHOD_MATCH = YES;
				"CODE_SIGN_IDENTITY[sdk=iphoneos*]" = "iPhone Developer";
				COPY_PHASE_STRIP = NO;
				DEBUG_INFORMATION_FORMAT = "dwarf-with-dsym";
				ENABLE_NS_ASSERTIONS = NO;
				ENABLE_STRICT_OBJC_MSGSEND = YES;
				GCC_C_LANGUAGE_STANDARD = gnu99;
				GCC_NO_COMMON_BLOCKS = YES;
				GCC_WARN_64_TO_32_BIT_CONVERSION = YES;
				GCC_WARN_ABOUT_RETURN_TYPE = YES_ERROR;
				GCC_WARN_UNDECLARED_SELECTOR = YES;
				GCC_WARN_UNINITIALIZED_AUTOS = YES_AGGRESSIVE;
				GCC_WARN_UNUSED_FUNCTION = YES;
				GCC_WARN_UNUSED_VARIABLE = YES;
				IPHONEOS_DEPLOYMENT_TARGET = 9.2;
				MTL_ENABLE_DEBUG_INFO = NO;
				SDKROOT = iphoneos;
				TARGETED_DEVICE_FAMILY = "1,2";
				VALIDATE_PRODUCT = YES;
			};
			name = Release;
		};
		CE85AD931C27A0810079FDD8 /* Debug */ = {
			isa = XCBuildConfiguration;
			buildSettings = {
				ASSETCATALOG_COMPILER_APPICON_NAME = AppIcon;
				INFOPLIST_FILE = LoadingView/Info.plist;
				LD_RUNPATH_SEARCH_PATHS = "$(inherited) @executable_path/Frameworks";
				PRODUCT_BUNDLE_IDENTIFIER = com.shoji.LoadingView;
				PRODUCT_NAME = "$(TARGET_NAME)";
			};
			name = Debug;
		};
		CE85AD941C27A0810079FDD8 /* Release */ = {
			isa = XCBuildConfiguration;
			buildSettings = {
				ASSETCATALOG_COMPILER_APPICON_NAME = AppIcon;
				INFOPLIST_FILE = LoadingView/Info.plist;
				LD_RUNPATH_SEARCH_PATHS = "$(inherited) @executable_path/Frameworks";
				PRODUCT_BUNDLE_IDENTIFIER = com.shoji.LoadingView;
				PRODUCT_NAME = "$(TARGET_NAME)";
			};
			name = Release;
		};
		CE85AD961C27A0810079FDD8 /* Debug */ = {
			isa = XCBuildConfiguration;
			buildSettings = {
				BUNDLE_LOADER = "$(TEST_HOST)";
				INFOPLIST_FILE = LoadingViewTests/Info.plist;
				LD_RUNPATH_SEARCH_PATHS = "$(inherited) @executable_path/Frameworks @loader_path/Frameworks";
				PRODUCT_BUNDLE_IDENTIFIER = com.shoji.LoadingViewTests;
				PRODUCT_NAME = "$(TARGET_NAME)";
				TEST_HOST = "$(BUILT_PRODUCTS_DIR)/LoadingView.app/LoadingView";
			};
			name = Debug;
		};
		CE85AD971C27A0810079FDD8 /* Release */ = {
			isa = XCBuildConfiguration;
			buildSettings = {
				BUNDLE_LOADER = "$(TEST_HOST)";
				INFOPLIST_FILE = LoadingViewTests/Info.plist;
				LD_RUNPATH_SEARCH_PATHS = "$(inherited) @executable_path/Frameworks @loader_path/Frameworks";
				PRODUCT_BUNDLE_IDENTIFIER = com.shoji.LoadingViewTests;
				PRODUCT_NAME = "$(TARGET_NAME)";
				TEST_HOST = "$(BUILT_PRODUCTS_DIR)/LoadingView.app/LoadingView";
			};
			name = Release;
		};
		CE85AD991C27A0810079FDD8 /* Debug */ = {
			isa = XCBuildConfiguration;
			buildSettings = {
				INFOPLIST_FILE = LoadingViewUITests/Info.plist;
				LD_RUNPATH_SEARCH_PATHS = "$(inherited) @executable_path/Frameworks @loader_path/Frameworks";
				PRODUCT_BUNDLE_IDENTIFIER = com.shoji.LoadingViewUITests;
				PRODUCT_NAME = "$(TARGET_NAME)";
				TEST_TARGET_NAME = LoadingView;
				USES_XCTRUNNER = YES;
			};
			name = Debug;
		};
		CE85AD9A1C27A0810079FDD8 /* Release */ = {
			isa = XCBuildConfiguration;
			buildSettings = {
				INFOPLIST_FILE = LoadingViewUITests/Info.plist;
				LD_RUNPATH_SEARCH_PATHS = "$(inherited) @executable_path/Frameworks @loader_path/Frameworks";
				PRODUCT_BUNDLE_IDENTIFIER = com.shoji.LoadingViewUITests;
				PRODUCT_NAME = "$(TARGET_NAME)";
				TEST_TARGET_NAME = LoadingView;
				USES_XCTRUNNER = YES;
			};
			name = Release;
		};
/* End XCBuildConfiguration section */

/* Begin XCConfigurationList section */
		CE85AD651C27A0810079FDD8 /* Build configuration list for PBXProject "LoadingView" */ = {
			isa = XCConfigurationList;
			buildConfigurations = (
				CE85AD901C27A0810079FDD8 /* Debug */,
				CE85AD911C27A0810079FDD8 /* Release */,
			);
			defaultConfigurationIsVisible = 0;
			defaultConfigurationName = Release;
		};
		CE85AD921C27A0810079FDD8 /* Build configuration list for PBXNativeTarget "LoadingView" */ = {
			isa = XCConfigurationList;
			buildConfigurations = (
				CE85AD931C27A0810079FDD8 /* Debug */,
				CE85AD941C27A0810079FDD8 /* Release */,
			);
			defaultConfigurationIsVisible = 0;
			defaultConfigurationName = Release;
		};
		CE85AD951C27A0810079FDD8 /* Build configuration list for PBXNativeTarget "LoadingViewTests" */ = {
			isa = XCConfigurationList;
			buildConfigurations = (
				CE85AD961C27A0810079FDD8 /* Debug */,
				CE85AD971C27A0810079FDD8 /* Release */,
			);
			defaultConfigurationIsVisible = 0;
			defaultConfigurationName = Release;
		};
		CE85AD981C27A0810079FDD8 /* Build configuration list for PBXNativeTarget "LoadingViewUITests" */ = {
			isa = XCConfigurationList;
			buildConfigurations = (
				CE85AD991C27A0810079FDD8 /* Debug */,
				CE85AD9A1C27A0810079FDD8 /* Release */,
			);
			defaultConfigurationIsVisible = 0;
			defaultConfigurationName = Release;
		};
/* End XCConfigurationList section */
	};
	rootObject = CE85AD621C27A0810079FDD8 /* Project object */;
}
